
Microsoft Visual Studio Solution File, Format Version 12.00
# Visual Studio Version 17
VisualStudioVersion = 17.5.002.0
MinimumVisualStudioVersion = 10.0.40219.1
Project("{9A19103F-16F7-4668-BE54-9A1E7A4F7556}") = "mvc1", "mvc1.csproj", "{CAD588B9-62AE-4F08-97CB-788719989F7A}"
EndProject
Global
	GlobalSection(SolutionConfigurationPlatforms) = preSolution
		Debug|Any CPU = Debug|Any CPU
		Release|Any CPU = Release|Any CPU
	EndGlobalSection
	GlobalSection(ProjectConfigurationPlatforms) = postSolution
		{CAD588B9-62AE-4F08-97CB-788719989F7A}.Debug|Any CPU.ActiveCfg = Debug|Any CPU
		{CAD588B9-62AE-4F08-97CB-788719989F7A}.Debug|Any CPU.Build.0 = Debug|Any CPU
		{CAD588B9-62AE-4F08-97CB-788719989F7A}.Release|Any CPU.ActiveCfg = Release|Any CPU
		{CAD588B9-62AE-4F08-97CB-788719989F7A}.Release|Any CPU.Build.0 = Release|Any CPU
	EndGlobalSection
	GlobalSection(SolutionProperties) = preSolution
		HideSolutionNode = FALSE
	EndGlobalSection
	GlobalSection(ExtensibilityGlobals) = postSolution
		SolutionGuid = {6D4B336B-AA3E-4196-A244-D19E9C8897FF}
	EndGlobalSection
EndGlobal
